
Microsoft Visual Studio Solution File, Format Version 12.00
# Visual Studio Version 17
VisualStudioVersion = 17.0.32014.148
MinimumVisualStudioVersion = 10.0.40219.1
Project("{FAE04EC0-301F-11D3-BF4B-00C04F79EFBC}") = "ITAcadem.CSCourse.Lab1.ex2", "ITAcadem.CSCourse.Lab1.ex2.csproj", "{2FCC700A-AA75-43D0-9FEB-66661F3BBF39}"
EndProject
Global
	GlobalSection(SolutionConfigurationPlatforms) = preSolution
		Debug|Any CPU = Debug|Any CPU
		Release|Any CPU = Release|Any CPU
	EndGlobalSection
	GlobalSection(ProjectConfigurationPlatforms) = postSolution
		{2FCC700A-AA75-43D0-9FEB-66661F3BBF39}.Debug|Any CPU.ActiveCfg = Debug|Any CPU
		{2FCC700A-AA75-43D0-9FEB-66661F3BBF39}.Debug|Any CPU.Build.0 = Debug|Any CPU
		{2FCC700A-AA75-43D0-9FEB-66661F3BBF39}.Release|Any CPU.ActiveCfg = Release|Any CPU
		{2FCC700A-AA75-43D0-9FEB-66661F3BBF39}.Release|Any CPU.Build.0 = Release|Any CPU
	EndGlobalSection
	GlobalSection(SolutionProperties) = preSolution
		HideSolutionNode = FALSE
	EndGlobalSection
	GlobalSection(ExtensibilityGlobals) = postSolution
		SolutionGuid = {3F8A928A-57F0-48B4-A9FF-B715B285E7C3}
	EndGlobalSection
EndGlobal
